
Microsoft Visual Studio Solution File, Format Version 12.00
# Visual Studio Version 16
VisualStudioVersion = 16.0.30002.166
MinimumVisualStudioVersion = 10.0.40219.1
Project("{FAE04EC0-301F-11D3-BF4B-00C04F79EFBC}") = "ServerConfigForm-P5-022", "ServerConfigForm-P5-022\ServerConfigForm-P5-022.csproj", "{65FEDD9E-17B7-4DF3-AFB2-8DB3EFC49A05}"
EndProject
Global
	GlobalSection(SolutionConfigurationPlatforms) = preSolution
		Debug|Any CPU = Debug|Any CPU
		Release|Any CPU = Release|Any CPU
	EndGlobalSection
	GlobalSection(ProjectConfigurationPlatforms) = postSolution
		{65FEDD9E-17B7-4DF3-AFB2-8DB3EFC49A05}.Debug|Any CPU.ActiveCfg = Debug|Any CPU
		{65FEDD9E-17B7-4DF3-AFB2-8DB3EFC49A05}.Debug|Any CPU.Build.0 = Debug|Any CPU
		{65FEDD9E-17B7-4DF3-AFB2-8DB3EFC49A05}.Release|Any CPU.ActiveCfg = Release|Any CPU
		{65FEDD9E-17B7-4DF3-AFB2-8DB3EFC49A05}.Release|Any CPU.Build.0 = Release|Any CPU
	EndGlobalSection
	GlobalSection(SolutionProperties) = preSolution
		HideSolutionNode = FALSE
	EndGlobalSection
	GlobalSection(ExtensibilityGlobals) = postSolution
		SolutionGuid = {C412159F-B946-429A-8EFF-4859102F5756}
	EndGlobalSection
EndGlobal
